// !$*UTF8*$!
{
	archiveVersion = 1;
	classes = {
	};
	objectVersion = 56;
	objects = {

/* Begin PBXBuildFile section */
		F100C17B2AAC51D400724046 /* BookingViewController.swift in Sources */ = {isa = PBXBuildFile; fileRef = F100C17A2AAC51D400724046 /* BookingViewController.swift */; };
		F100C17D2AAC546800724046 /* BookingTableViewCell.swift in Sources */ = {isa = PBXBuildFile; fileRef = F100C17C2AAC546800724046 /* BookingTableViewCell.swift */; };
		F100C1832AAC637600724046 /* AcceptedViewController.swift in Sources */ = {isa = PBXBuildFile; fileRef = F100C1822AAC637600724046 /* AcceptedViewController.swift */; };
		F100C18B2AAC99B800724046 /* TouristTableViewCell.swift in Sources */ = {isa = PBXBuildFile; fileRef = F100C18A2AAC99B800724046 /* TouristTableViewCell.swift */; };
		F100C19E2AAD81C200724046 /* Tourist.swift in Sources */ = {isa = PBXBuildFile; fileRef = F100C19D2AAD81C200724046 /* Tourist.swift */; };
		F100C1A02AADCA4500724046 /* CheckTableViewCell.swift in Sources */ = {isa = PBXBuildFile; fileRef = F100C19F2AADCA4500724046 /* CheckTableViewCell.swift */; };
		F1A357462AA878FF00A24AEC /* AppDelegate.swift in Sources */ = {isa = PBXBuildFile; fileRef = F1A357452AA878FF00A24AEC /* AppDelegate.swift */; };
		F1A357482AA878FF00A24AEC /* SceneDelegate.swift in Sources */ = {isa = PBXBuildFile; fileRef = F1A357472AA878FF00A24AEC /* SceneDelegate.swift */; };
		F1A3574F2AA8790200A24AEC /* Assets.xcassets in Resources */ = {isa = PBXBuildFile; fileRef = F1A3574E2AA8790200A24AEC /* Assets.xcassets */; };
		F1A357522AA8790200A24AEC /* LaunchScreen.storyboard in Resources */ = {isa = PBXBuildFile; fileRef = F1A357502AA8790200A24AEC /* LaunchScreen.storyboard */; };
		F1A3576A2AA89D9000A24AEC /* HotelViewController.swift in Sources */ = {isa = PBXBuildFile; fileRef = F1A357692AA89D9000A24AEC /* HotelViewController.swift */; };
		F1A3576D2AA89DF200A24AEC /* SnapKit in Frameworks */ = {isa = PBXBuildFile; productRef = F1A3576C2AA89DF200A24AEC /* SnapKit */; };
		F1A357702AA89FD300A24AEC /* Colors.xcassets in Resources */ = {isa = PBXBuildFile; fileRef = F1A3576F2AA89FD300A24AEC /* Colors.xcassets */; };
		F1A357722AA8A00100A24AEC /* AppColor.swift in Sources */ = {isa = PBXBuildFile; fileRef = F1A357712AA8A00100A24AEC /* AppColor.swift */; };
		F1A357742AA8A14500A24AEC /* AppImage.swift in Sources */ = {isa = PBXBuildFile; fileRef = F1A357732AA8A14500A24AEC /* AppImage.swift */; };
		F1A357E32AAABABB00A24AEC /* MainCollectionViewCell.swift in Sources */ = {isa = PBXBuildFile; fileRef = F1A357E22AAABABB00A24AEC /* MainCollectionViewCell.swift */; };
		F1A357E52AAABAC300A24AEC /* DetailCollectionViewCell.swift in Sources */ = {isa = PBXBuildFile; fileRef = F1A357E42AAABAC300A24AEC /* DetailCollectionViewCell.swift */; };
		F1A357E72AAABB8300A24AEC /* SectionType.swift in Sources */ = {isa = PBXBuildFile; fileRef = F1A357E62AAABB8300A24AEC /* SectionType.swift */; };
		F1A357F52AAAC94600A24AEC /* SFProDisplay-Semibold.ttf in Resources */ = {isa = PBXBuildFile; fileRef = F1A357EC2AAAC94600A24AEC /* SFProDisplay-Semibold.ttf */; };
		F1A357F62AAAC94600A24AEC /* SFProDisplay-Black.ttf in Resources */ = {isa = PBXBuildFile; fileRef = F1A357ED2AAAC94600A24AEC /* SFProDisplay-Black.ttf */; };
		F1A357F72AAAC94600A24AEC /* SFProDisplay-Medium.ttf in Resources */ = {isa = PBXBuildFile; fileRef = F1A357EE2AAAC94600A24AEC /* SFProDisplay-Medium.ttf */; };
		F1A357F82AAAC94600A24AEC /* SFProDisplay-Regular.ttf in Resources */ = {isa = PBXBuildFile; fileRef = F1A357EF2AAAC94600A24AEC /* SFProDisplay-Regular.ttf */; };
		F1A357F92AAAC94600A24AEC /* SFProDisplay-Light.ttf in Resources */ = {isa = PBXBuildFile; fileRef = F1A357F02AAAC94600A24AEC /* SFProDisplay-Light.ttf */; };
		F1A357FA2AAAC94600A24AEC /* SFProDisplay-Bold.ttf in Resources */ = {isa = PBXBuildFile; fileRef = F1A357F12AAAC94600A24AEC /* SFProDisplay-Bold.ttf */; };
		F1A357FB2AAAC94600A24AEC /* SFProDisplay-Thin.ttf in Resources */ = {isa = PBXBuildFile; fileRef = F1A357F22AAAC94600A24AEC /* SFProDisplay-Thin.ttf */; };
		F1A357FC2AAAC94600A24AEC /* SFProDisplay-Heavy.ttf in Resources */ = {isa = PBXBuildFile; fileRef = F1A357F32AAAC94600A24AEC /* SFProDisplay-Heavy.ttf */; };
		F1A357FD2AAAC94600A24AEC /* SFProDisplay-Ultralight.ttf in Resources */ = {isa = PBXBuildFile; fileRef = F1A357F42AAAC94600A24AEC /* SFProDisplay-Ultralight.ttf */; };
		F1A357FF2AAAD42900A24AEC /* AdvantagesTableViewCell.swift in Sources */ = {isa = PBXBuildFile; fileRef = F1A357FE2AAAD42900A24AEC /* AdvantagesTableViewCell.swift */; };
		F1A358072AAB26FF00A24AEC /* ImageCarouselCell.swift in Sources */ = {isa = PBXBuildFile; fileRef = F1A358062AAB26FF00A24AEC /* ImageCarouselCell.swift */; };
		F1A3580B2AAB50FC00A24AEC /* NumberViewController.swift in Sources */ = {isa = PBXBuildFile; fileRef = F1A3580A2AAB50FC00A24AEC /* NumberViewController.swift */; };
		F1A3580D2AAB522D00A24AEC /* StandardTableViewCell.swift in Sources */ = {isa = PBXBuildFile; fileRef = F1A3580C2AAB522D00A24AEC /* StandardTableViewCell.swift */; };
		F1A3580F2AAB528E00A24AEC /* LuxeTableViewCell.swift in Sources */ = {isa = PBXBuildFile; fileRef = F1A3580E2AAB528E00A24AEC /* LuxeTableViewCell.swift */; };
/* End PBXBuildFile section */

/* Begin PBXFileReference section */
		F100C17A2AAC51D400724046 /* BookingViewController.swift */ = {isa = PBXFileReference; lastKnownFileType = sourcecode.swift; path = BookingViewController.swift; sourceTree = "<group>"; };
		F100C17C2AAC546800724046 /* BookingTableViewCell.swift */ = {isa = PBXFileReference; lastKnownFileType = sourcecode.swift; path = BookingTableViewCell.swift; sourceTree = "<group>"; };
		F100C1822AAC637600724046 /* AcceptedViewController.swift */ = {isa = PBXFileReference; lastKnownFileType = sourcecode.swift; path = AcceptedViewController.swift; sourceTree = "<group>"; };
		F100C18A2AAC99B800724046 /* TouristTableViewCell.swift */ = {isa = PBXFileReference; lastKnownFileType = sourcecode.swift; path = TouristTableViewCell.swift; sourceTree = "<group>"; };
		F100C19D2AAD81C200724046 /* Tourist.swift */ = {isa = PBXFileReference; lastKnownFileType = sourcecode.swift; path = Tourist.swift; sourceTree = "<group>"; };
		F100C19F2AADCA4500724046 /* CheckTableViewCell.swift */ = {isa = PBXFileReference; lastKnownFileType = sourcecode.swift; path = CheckTableViewCell.swift; sourceTree = "<group>"; };
		F1A357422AA878FF00A24AEC /* AppHotel.app */ = {isa = PBXFileReference; explicitFileType = wrapper.application; includeInIndex = 0; path = AppHotel.app; sourceTree = BUILT_PRODUCTS_DIR; };
		F1A357452AA878FF00A24AEC /* AppDelegate.swift */ = {isa = PBXFileReference; lastKnownFileType = sourcecode.swift; path = AppDelegate.swift; sourceTree = "<group>"; };
		F1A357472AA878FF00A24AEC /* SceneDelegate.swift */ = {isa = PBXFileReference; lastKnownFileType = sourcecode.swift; path = SceneDelegate.swift; sourceTree = "<group>"; };
		F1A3574E2AA8790200A24AEC /* Assets.xcassets */ = {isa = PBXFileReference; lastKnownFileType = folder.assetcatalog; path = Assets.xcassets; sourceTree = "<group>"; };
		F1A357512AA8790200A24AEC /* Base */ = {isa = PBXFileReference; lastKnownFileType = file.storyboard; name = Base; path = Base.lproj/LaunchScreen.storyboard; sourceTree = "<group>"; };
		F1A357532AA8790200A24AEC /* Info.plist */ = {isa = PBXFileReference; lastKnownFileType = text.plist.xml; path = Info.plist; sourceTree = "<group>"; };
		F1A357692AA89D9000A24AEC /* HotelViewController.swift */ = {isa = PBXFileReference; lastKnownFileType = sourcecode.swift; path = HotelViewController.swift; sourceTree = "<group>"; };
		F1A3576F2AA89FD300A24AEC /* Colors.xcassets */ = {isa = PBXFileReference; lastKnownFileType = folder.assetcatalog; path = Colors.xcassets; sourceTree = "<group>"; };
		F1A357712AA8A00100A24AEC /* AppColor.swift */ = {isa = PBXFileReference; lastKnownFileType = sourcecode.swift; path = AppColor.swift; sourceTree = "<group>"; };
		F1A357732AA8A14500A24AEC /* AppImage.swift */ = {isa = PBXFileReference; lastKnownFileType = sourcecode.swift; path = AppImage.swift; sourceTree = "<group>"; };
		F1A357E22AAABABB00A24AEC /* MainCollectionViewCell.swift */ = {isa = PBXFileReference; lastKnownFileType = sourcecode.swift; path = MainCollectionViewCell.swift; sourceTree = "<group>"; };
		F1A357E42AAABAC300A24AEC /* DetailCollectionViewCell.swift */ = {isa = PBXFileReference; lastKnownFileType = sourcecode.swift; path = DetailCollectionViewCell.swift; sourceTree = "<group>"; };
		F1A357E62AAABB8300A24AEC /* SectionType.swift */ = {isa = PBXFileReference; lastKnownFileType = sourcecode.swift; path = SectionType.swift; sourceTree = "<group>"; };
		F1A357EC2AAAC94600A24AEC /* SFProDisplay-Semibold.ttf */ = {isa = PBXFileReference; lastKnownFileType = file; path = "SFProDisplay-Semibold.ttf"; sourceTree = "<group>"; };
		F1A357ED2AAAC94600A24AEC /* SFProDisplay-Black.ttf */ = {isa = PBXFileReference; lastKnownFileType = file; path = "SFProDisplay-Black.ttf"; sourceTree = "<group>"; };
		F1A357EE2AAAC94600A24AEC /* SFProDisplay-Medium.ttf */ = {isa = PBXFileReference; lastKnownFileType = file; path = "SFProDisplay-Medium.ttf"; sourceTree = "<group>"; };
		F1A357EF2AAAC94600A24AEC /* SFProDisplay-Regular.ttf */ = {isa = PBXFileReference; lastKnownFileType = file; path = "SFProDisplay-Regular.ttf"; sourceTree = "<group>"; };
		F1A357F02AAAC94600A24AEC /* SFProDisplay-Light.ttf */ = {isa = PBXFileReference; lastKnownFileType = file; path = "SFProDisplay-Light.ttf"; sourceTree = "<group>"; };
		F1A357F12AAAC94600A24AEC /* SFProDisplay-Bold.ttf */ = {isa = PBXFileReference; lastKnownFileType = file; path = "SFProDisplay-Bold.ttf"; sourceTree = "<group>"; };
		F1A357F22AAAC94600A24AEC /* SFProDisplay-Thin.ttf */ = {isa = PBXFileReference; lastKnownFileType = file; path = "SFProDisplay-Thin.ttf"; sourceTree = "<group>"; };
		F1A357F32AAAC94600A24AEC /* SFProDisplay-Heavy.ttf */ = {isa = PBXFileReference; lastKnownFileType = file; path = "SFProDisplay-Heavy.ttf"; sourceTree = "<group>"; };
		F1A357F42AAAC94600A24AEC /* SFProDisplay-Ultralight.ttf */ = {isa = PBXFileReference; lastKnownFileType = file; path = "SFProDisplay-Ultralight.ttf"; sourceTree = "<group>"; };
		F1A357FE2AAAD42900A24AEC /* AdvantagesTableViewCell.swift */ = {isa = PBXFileReference; lastKnownFileType = sourcecode.swift; path = AdvantagesTableViewCell.swift; sourceTree = "<group>"; };
		F1A358062AAB26FF00A24AEC /* ImageCarouselCell.swift */ = {isa = PBXFileReference; lastKnownFileType = sourcecode.swift; path = ImageCarouselCell.swift; sourceTree = "<group>"; };
		F1A3580A2AAB50FC00A24AEC /* NumberViewController.swift */ = {isa = PBXFileReference; lastKnownFileType = sourcecode.swift; path = NumberViewController.swift; sourceTree = "<group>"; };
		F1A3580C2AAB522D00A24AEC /* StandardTableViewCell.swift */ = {isa = PBXFileReference; lastKnownFileType = sourcecode.swift; path = StandardTableViewCell.swift; sourceTree = "<group>"; };
		F1A3580E2AAB528E00A24AEC /* LuxeTableViewCell.swift */ = {isa = PBXFileReference; lastKnownFileType = sourcecode.swift; path = LuxeTableViewCell.swift; sourceTree = "<group>"; };
/* End PBXFileReference section */

/* Begin PBXFrameworksBuildPhase section */
		F1A3573F2AA878FF00A24AEC /* Frameworks */ = {
			isa = PBXFrameworksBuildPhase;
			buildActionMask = 2147483647;
			files = (
				F1A3576D2AA89DF200A24AEC /* SnapKit in Frameworks */,
			);
			runOnlyForDeploymentPostprocessing = 0;
		};
/* End PBXFrameworksBuildPhase section */

/* Begin PBXGroup section */
		F100C1792AAC51A000724046 /* BookingModule */ = {
			isa = PBXGroup;
			children = (
				F100C1A12AADDFB600724046 /* Model */,
				F100C17F2AAC62A200724046 /* View */,
			);
			path = BookingModule;
			sourceTree = "<group>";
		};
		F100C17F2AAC62A200724046 /* View */ = {
			isa = PBXGroup;
			children = (
				F100C17A2AAC51D400724046 /* BookingViewController.swift */,
				F100C17C2AAC546800724046 /* BookingTableViewCell.swift */,
				F100C18A2AAC99B800724046 /* TouristTableViewCell.swift */,
				F100C19F2AADCA4500724046 /* CheckTableViewCell.swift */,
			);
			path = View;
			sourceTree = "<group>";
		};
		F100C1812AAC635200724046 /* AcceptedModule */ = {
			isa = PBXGroup;
			children = (
				F100C1A22AADDFC800724046 /* View */,
			);
			path = AcceptedModule;
			sourceTree = "<group>";
		};
		F100C1A12AADDFB600724046 /* Model */ = {
			isa = PBXGroup;
			children = (
				F100C19D2AAD81C200724046 /* Tourist.swift */,
			);
			path = Model;
			sourceTree = "<group>";
		};
		F100C1A22AADDFC800724046 /* View */ = {
			isa = PBXGroup;
			children = (
				F100C1822AAC637600724046 /* AcceptedViewController.swift */,
			);
			path = View;
			sourceTree = "<group>";
		};
		F1A357392AA878FF00A24AEC = {
			isa = PBXGroup;
			children = (
				F1A357442AA878FF00A24AEC /* AppHotel */,
				F1A357432AA878FF00A24AEC /* Products */,
			);
			sourceTree = "<group>";
		};
		F1A357432AA878FF00A24AEC /* Products */ = {
			isa = PBXGroup;
			children = (
				F1A357422AA878FF00A24AEC /* AppHotel.app */,
			);
			name = Products;
			sourceTree = "<group>";
		};
		F1A357442AA878FF00A24AEC /* AppHotel */ = {
			isa = PBXGroup;
			children = (
				F1A357592AA8793800A24AEC /* Application */,
				F1A3576E2AA89ECF00A24AEC /* Controllers */,
				F1A3575C2AA879A200A24AEC /* Resources */,
				F1A3575A2AA8798200A24AEC /* Storyboards */,
				F1A3575B2AA8799300A24AEC /* Supporting Files */,
			);
			path = AppHotel;
			sourceTree = "<group>";
		};
		F1A357592AA8793800A24AEC /* Application */ = {
			isa = PBXGroup;
			children = (
				F1A357452AA878FF00A24AEC /* AppDelegate.swift */,
				F1A357472AA878FF00A24AEC /* SceneDelegate.swift */,
			);
			path = Application;
			sourceTree = "<group>";
		};
		F1A3575A2AA8798200A24AEC /* Storyboards */ = {
			isa = PBXGroup;
			children = (
				F1A357502AA8790200A24AEC /* LaunchScreen.storyboard */,
			);
			path = Storyboards;
			sourceTree = "<group>";
		};
		F1A3575B2AA8799300A24AEC /* Supporting Files */ = {
			isa = PBXGroup;
			children = (
				F1A357532AA8790200A24AEC /* Info.plist */,
			);
			path = "Supporting Files";
			sourceTree = "<group>";
		};
		F1A3575C2AA879A200A24AEC /* Resources */ = {
			isa = PBXGroup;
			children = (
				F1A357EB2AAAC93B00A24AEC /* Fonts */,
				F1A3574E2AA8790200A24AEC /* Assets.xcassets */,
				F1A3576F2AA89FD300A24AEC /* Colors.xcassets */,
				F1A357712AA8A00100A24AEC /* AppColor.swift */,
				F1A357732AA8A14500A24AEC /* AppImage.swift */,
			);
			path = Resources;
			sourceTree = "<group>";
		};
		F1A3576E2AA89ECF00A24AEC /* Controllers */ = {
			isa = PBXGroup;
			children = (
				F1A358032AAADDFF00A24AEC /* MainHotelModule */,
				F1A358082AAB50D300A24AEC /* NumberModule */,
				F100C1792AAC51A000724046 /* BookingModule */,
				F100C1812AAC635200724046 /* AcceptedModule */,
			);
			path = Controllers;
			sourceTree = "<group>";
		};
		F1A357EB2AAAC93B00A24AEC /* Fonts */ = {
			isa = PBXGroup;
			children = (
				F1A357ED2AAAC94600A24AEC /* SFProDisplay-Black.ttf */,
				F1A357F12AAAC94600A24AEC /* SFProDisplay-Bold.ttf */,
				F1A357F32AAAC94600A24AEC /* SFProDisplay-Heavy.ttf */,
				F1A357F02AAAC94600A24AEC /* SFProDisplay-Light.ttf */,
				F1A357EE2AAAC94600A24AEC /* SFProDisplay-Medium.ttf */,
				F1A357EF2AAAC94600A24AEC /* SFProDisplay-Regular.ttf */,
				F1A357EC2AAAC94600A24AEC /* SFProDisplay-Semibold.ttf */,
				F1A357F22AAAC94600A24AEC /* SFProDisplay-Thin.ttf */,
				F1A357F42AAAC94600A24AEC /* SFProDisplay-Ultralight.ttf */,
			);
			path = Fonts;
			sourceTree = "<group>";
		};
		F1A358012AAADDD900A24AEC /* Model */ = {
			isa = PBXGroup;
			children = (
				F1A357E62AAABB8300A24AEC /* SectionType.swift */,
				F1A358062AAB26FF00A24AEC /* ImageCarouselCell.swift */,
			);
			path = Model;
			sourceTree = "<group>";
		};
		F1A358022AAADDED00A24AEC /* View */ = {
			isa = PBXGroup;
			children = (
				F1A357692AA89D9000A24AEC /* HotelViewController.swift */,
				F1A357E22AAABABB00A24AEC /* MainCollectionViewCell.swift */,
				F1A357E42AAABAC300A24AEC /* DetailCollectionViewCell.swift */,
				F1A357FE2AAAD42900A24AEC /* AdvantagesTableViewCell.swift */,
			);
			path = View;
			sourceTree = "<group>";
		};
		F1A358032AAADDFF00A24AEC /* MainHotelModule */ = {
			isa = PBXGroup;
			children = (
				F1A358012AAADDD900A24AEC /* Model */,
				F1A358022AAADDED00A24AEC /* View */,
			);
			path = MainHotelModule;
			sourceTree = "<group>";
		};
		F1A358082AAB50D300A24AEC /* NumberModule */ = {
			isa = PBXGroup;
			children = (
				F1A358092AAB50E300A24AEC /* View */,
			);
			path = NumberModule;
			sourceTree = "<group>";
		};
		F1A358092AAB50E300A24AEC /* View */ = {
			isa = PBXGroup;
			children = (
				F1A3580A2AAB50FC00A24AEC /* NumberViewController.swift */,
				F1A3580C2AAB522D00A24AEC /* StandardTableViewCell.swift */,
				F1A3580E2AAB528E00A24AEC /* LuxeTableViewCell.swift */,
			);
			path = View;
			sourceTree = "<group>";
		};
/* End PBXGroup section */

/* Begin PBXNativeTarget section */
		F1A357412AA878FF00A24AEC /* AppHotel */ = {
			isa = PBXNativeTarget;
			buildConfigurationList = F1A357562AA8790200A24AEC /* Build configuration list for PBXNativeTarget "AppHotel" */;
			buildPhases = (
				F1A3573E2AA878FF00A24AEC /* Sources */,
				F1A3573F2AA878FF00A24AEC /* Frameworks */,
				F1A357402AA878FF00A24AEC /* Resources */,
			);
			buildRules = (
			);
			dependencies = (
			);
			name = AppHotel;
			packageProductDependencies = (
				F1A3576C2AA89DF200A24AEC /* SnapKit */,
			);
			productName = AppHotel;
			productReference = F1A357422AA878FF00A24AEC /* AppHotel.app */;
			productType = "com.apple.product-type.application";
		};
/* End PBXNativeTarget section */

/* Begin PBXProject section */
		F1A3573A2AA878FF00A24AEC /* Project object */ = {
			isa = PBXProject;
			attributes = {
				BuildIndependentTargetsInParallel = 1;
				LastSwiftUpdateCheck = 1430;
				LastUpgradeCheck = 1430;
				TargetAttributes = {
					F1A357412AA878FF00A24AEC = {
						CreatedOnToolsVersion = 14.3.1;
					};
				};
			};
			buildConfigurationList = F1A3573D2AA878FF00A24AEC /* Build configuration list for PBXProject "AppHotel" */;
			compatibilityVersion = "Xcode 14.0";
			developmentRegion = en;
			hasScannedForEncodings = 0;
			knownRegions = (
				en,
				Base,
			);
			mainGroup = F1A357392AA878FF00A24AEC;
			packageReferences = (
				F1A3576B2AA89DF200A24AEC /* XCRemoteSwiftPackageReference "SnapKit" */,
			);
			productRefGroup = F1A357432AA878FF00A24AEC /* Products */;
			projectDirPath = "";
			projectRoot = "";
			targets = (
				F1A357412AA878FF00A24AEC /* AppHotel */,
			);
		};
/* End PBXProject section */

/* Begin PBXResourcesBuildPhase section */
		F1A357402AA878FF00A24AEC /* Resources */ = {
			isa = PBXResourcesBuildPhase;
			buildActionMask = 2147483647;
			files = (
				F1A357FA2AAAC94600A24AEC /* SFProDisplay-Bold.ttf in Resources */,
				F1A357FB2AAAC94600A24AEC /* SFProDisplay-Thin.ttf in Resources */,
				F1A357702AA89FD300A24AEC /* Colors.xcassets in Resources */,
				F1A357F52AAAC94600A24AEC /* SFProDisplay-Semibold.ttf in Resources */,
				F1A357FD2AAAC94600A24AEC /* SFProDisplay-Ultralight.ttf in Resources */,
				F1A357522AA8790200A24AEC /* LaunchScreen.storyboard in Resources */,
				F1A357F82AAAC94600A24AEC /* SFProDisplay-Regular.ttf in Resources */,
				F1A3574F2AA8790200A24AEC /* Assets.xcassets in Resources */,
				F1A357F62AAAC94600A24AEC /* SFProDisplay-Black.ttf in Resources */,
				F1A357FC2AAAC94600A24AEC /* SFProDisplay-Heavy.ttf in Resources */,
				F1A357F72AAAC94600A24AEC /* SFProDisplay-Medium.ttf in Resources */,
				F1A357F92AAAC94600A24AEC /* SFProDisplay-Light.ttf in Resources */,
			);
			runOnlyForDeploymentPostprocessing = 0;
		};
/* End PBXResourcesBuildPhase section */

/* Begin PBXSourcesBuildPhase section */
		F1A3573E2AA878FF00A24AEC /* Sources */ = {
			isa = PBXSourcesBuildPhase;
			buildActionMask = 2147483647;
			files = (
				F1A357E52AAABAC300A24AEC /* DetailCollectionViewCell.swift in Sources */,
				F1A357462AA878FF00A24AEC /* AppDelegate.swift in Sources */,
				F1A3580D2AAB522D00A24AEC /* StandardTableViewCell.swift in Sources */,
				F1A357FF2AAAD42900A24AEC /* AdvantagesTableViewCell.swift in Sources */,
				F100C1A02AADCA4500724046 /* CheckTableViewCell.swift in Sources */,
				F1A3580F2AAB528E00A24AEC /* LuxeTableViewCell.swift in Sources */,
				F100C17D2AAC546800724046 /* BookingTableViewCell.swift in Sources */,
				F1A357E32AAABABB00A24AEC /* MainCollectionViewCell.swift in Sources */,
				F1A357E72AAABB8300A24AEC /* SectionType.swift in Sources */,
				F100C19E2AAD81C200724046 /* Tourist.swift in Sources */,
				F1A357722AA8A00100A24AEC /* AppColor.swift in Sources */,
				F1A3576A2AA89D9000A24AEC /* HotelViewController.swift in Sources */,
				F1A358072AAB26FF00A24AEC /* ImageCarouselCell.swift in Sources */,
				F1A3580B2AAB50FC00A24AEC /* NumberViewController.swift in Sources */,
				F100C18B2AAC99B800724046 /* TouristTableViewCell.swift in Sources */,
				F1A357482AA878FF00A24AEC /* SceneDelegate.swift in Sources */,
				F100C17B2AAC51D400724046 /* BookingViewController.swift in Sources */,
				F1A357742AA8A14500A24AEC /* AppImage.swift in Sources */,
				F100C1832AAC637600724046 /* AcceptedViewController.swift in Sources */,
			);
			runOnlyForDeploymentPostprocessing = 0;
		};
/* End PBXSourcesBuildPhase section */

/* Begin PBXVariantGroup section */
		F1A357502AA8790200A24AEC /* LaunchScreen.storyboard */ = {
			isa = PBXVariantGroup;
			children = (
				F1A357512AA8790200A24AEC /* Base */,
			);
			name = LaunchScreen.storyboard;
			sourceTree = "<group>";
		};
/* End PBXVariantGroup section */

/* Begin XCBuildConfiguration section */
		F1A357542AA8790200A24AEC /* Debug */ = {
			isa = XCBuildConfiguration;
			buildSettings = {
				ALWAYS_SEARCH_USER_PATHS = NO;
				CLANG_ANALYZER_NONNULL = YES;
				CLANG_ANALYZER_NUMBER_OBJECT_CONVERSION = YES_AGGRESSIVE;
				CLANG_CXX_LANGUAGE_STANDARD = "gnu++20";
				CLANG_ENABLE_MODULES = YES;
				CLANG_ENABLE_OBJC_ARC = YES;
				CLANG_ENABLE_OBJC_WEAK = YES;
				CLANG_WARN_BLOCK_CAPTURE_AUTORELEASING = YES;
				CLANG_WARN_BOOL_CONVERSION = YES;
				CLANG_WARN_COMMA = YES;
				CLANG_WARN_CONSTANT_CONVERSION = YES;
				CLANG_WARN_DEPRECATED_OBJC_IMPLEMENTATIONS = YES;
				CLANG_WARN_DIRECT_OBJC_ISA_USAGE = YES_ERROR;
				CLANG_WARN_DOCUMENTATION_COMMENTS = YES;
				CLANG_WARN_EMPTY_BODY = YES;
				CLANG_WARN_ENUM_CONVERSION = YES;
				CLANG_WARN_INFINITE_RECURSION = YES;
				CLANG_WARN_INT_CONVERSION = YES;
				CLANG_WARN_NON_LITERAL_NULL_CONVERSION = YES;
				CLANG_WARN_OBJC_IMPLICIT_RETAIN_SELF = YES;
				CLANG_WARN_OBJC_LITERAL_CONVERSION = YES;
				CLANG_WARN_OBJC_ROOT_CLASS = YES_ERROR;
				CLANG_WARN_QUOTED_INCLUDE_IN_FRAMEWORK_HEADER = YES;
				CLANG_WARN_RANGE_LOOP_ANALYSIS = YES;
				CLANG_WARN_STRICT_PROTOTYPES = YES;
				CLANG_WARN_SUSPICIOUS_MOVE = YES;
				CLANG_WARN_UNGUARDED_AVAILABILITY = YES_AGGRESSIVE;
				CLANG_WARN_UNREACHABLE_CODE = YES;
				CLANG_WARN__DUPLICATE_METHOD_MATCH = YES;
				COPY_PHASE_STRIP = NO;
				DEBUG_INFORMATION_FORMAT = dwarf;
				ENABLE_STRICT_OBJC_MSGSEND = YES;
				ENABLE_TESTABILITY = YES;
				GCC_C_LANGUAGE_STANDARD = gnu11;
				GCC_DYNAMIC_NO_PIC = NO;
				GCC_NO_COMMON_BLOCKS = YES;
				GCC_OPTIMIZATION_LEVEL = 0;
				GCC_PREPROCESSOR_DEFINITIONS = (
					"DEBUG=1",
					"$(inherited)",
				);
				GCC_WARN_64_TO_32_BIT_CONVERSION = YES;
				GCC_WARN_ABOUT_RETURN_TYPE = YES_ERROR;
				GCC_WARN_UNDECLARED_SELECTOR = YES;
				GCC_WARN_UNINITIALIZED_AUTOS = YES_AGGRESSIVE;
				GCC_WARN_UNUSED_FUNCTION = YES;
				GCC_WARN_UNUSED_VARIABLE = YES;
				IPHONEOS_DEPLOYMENT_TARGET = 16.4;
				MTL_ENABLE_DEBUG_INFO = INCLUDE_SOURCE;
				MTL_FAST_MATH = YES;
				ONLY_ACTIVE_ARCH = YES;
				SDKROOT = iphoneos;
				SWIFT_ACTIVE_COMPILATION_CONDITIONS = DEBUG;
				SWIFT_OPTIMIZATION_LEVEL = "-Onone";
			};
			name = Debug;
		};
		F1A357552AA8790200A24AEC /* Release */ = {
			isa = XCBuildConfiguration;
			buildSettings = {
				ALWAYS_SEARCH_USER_PATHS = NO;
				CLANG_ANALYZER_NONNULL = YES;
				CLANG_ANALYZER_NUMBER_OBJECT_CONVERSION = YES_AGGRESSIVE;
				CLANG_CXX_LANGUAGE_STANDARD = "gnu++20";
				CLANG_ENABLE_MODULES = YES;
				CLANG_ENABLE_OBJC_ARC = YES;
				CLANG_ENABLE_OBJC_WEAK = YES;
				CLANG_WARN_BLOCK_CAPTURE_AUTORELEASING = YES;
				CLANG_WARN_BOOL_CONVERSION = YES;
				CLANG_WARN_COMMA = YES;
				CLANG_WARN_CONSTANT_CONVERSION = YES;
				CLANG_WARN_DEPRECATED_OBJC_IMPLEMENTATIONS = YES;
				CLANG_WARN_DIRECT_OBJC_ISA_USAGE = YES_ERROR;
				CLANG_WARN_DOCUMENTATION_COMMENTS = YES;
				CLANG_WARN_EMPTY_BODY = YES;
				CLANG_WARN_ENUM_CONVERSION = YES;
				CLANG_WARN_INFINITE_RECURSION = YES;
				CLANG_WARN_INT_CONVERSION = YES;
				CLANG_WARN_NON_LITERAL_NULL_CONVERSION = YES;
				CLANG_WARN_OBJC_IMPLICIT_RETAIN_SELF = YES;
				CLANG_WARN_OBJC_LITERAL_CONVERSION = YES;
				CLANG_WARN_OBJC_ROOT_CLASS = YES_ERROR;
				CLANG_WARN_QUOTED_INCLUDE_IN_FRAMEWORK_HEADER = YES;
				CLANG_WARN_RANGE_LOOP_ANALYSIS = YES;
				CLANG_WARN_STRICT_PROTOTYPES = YES;
				CLANG_WARN_SUSPICIOUS_MOVE = YES;
				CLANG_WARN_UNGUARDED_AVAILABILITY = YES_AGGRESSIVE;
				CLANG_WARN_UNREACHABLE_CODE = YES;
				CLANG_WARN__DUPLICATE_METHOD_MATCH = YES;
				COPY_PHASE_STRIP = NO;
				DEBUG_INFORMATION_FORMAT = "dwarf-with-dsym";
				ENABLE_NS_ASSERTIONS = NO;
				ENABLE_STRICT_OBJC_MSGSEND = YES;
				GCC_C_LANGUAGE_STANDARD = gnu11;
				GCC_NO_COMMON_BLOCKS = YES;
				GCC_WARN_64_TO_32_BIT_CONVERSION = YES;
				GCC_WARN_ABOUT_RETURN_TYPE = YES_ERROR;
				GCC_WARN_UNDECLARED_SELECTOR = YES;
				GCC_WARN_UNINITIALIZED_AUTOS = YES_AGGRESSIVE;
				GCC_WARN_UNUSED_FUNCTION = YES;
				GCC_WARN_UNUSED_VARIABLE = YES;
				IPHONEOS_DEPLOYMENT_TARGET = 16.4;
				MTL_ENABLE_DEBUG_INFO = NO;
				MTL_FAST_MATH = YES;
				SDKROOT = iphoneos;
				SWIFT_COMPILATION_MODE = wholemodule;
				SWIFT_OPTIMIZATION_LEVEL = "-O";
				VALIDATE_PRODUCT = YES;
			};
			name = Release;
		};
		F1A357572AA8790200A24AEC /* Debug */ = {
			isa = XCBuildConfiguration;
			buildSettings = {
				ASSETCATALOG_COMPILER_APPICON_NAME = AppIcon;
				ASSETCATALOG_COMPILER_GLOBAL_ACCENT_COLOR_NAME = AccentColor;
				CODE_SIGN_STYLE = Automatic;
				CURRENT_PROJECT_VERSION = 1;
				DEVELOPMENT_TEAM = 66V736J4F3;
				GENERATE_INFOPLIST_FILE = YES;
				INFOPLIST_FILE = "AppHotel/Supporting Files/Info.plist";
				INFOPLIST_KEY_UIApplicationSupportsIndirectInputEvents = YES;
				INFOPLIST_KEY_UILaunchStoryboardName = LaunchScreen;
				INFOPLIST_KEY_UISupportedInterfaceOrientations_iPad = "UIInterfaceOrientationPortrait UIInterfaceOrientationPortraitUpsideDown UIInterfaceOrientationLandscapeLeft UIInterfaceOrientationLandscapeRight";
				INFOPLIST_KEY_UISupportedInterfaceOrientations_iPhone = "UIInterfaceOrientationPortrait UIInterfaceOrientationLandscapeLeft UIInterfaceOrientationLandscapeRight";
				LD_RUNPATH_SEARCH_PATHS = (
					"$(inherited)",
					"@executable_path/Frameworks",
				);
				MARKETING_VERSION = 1.0;
				PRODUCT_BUNDLE_IDENTIFIER = com.example.AppHotel;
				PRODUCT_NAME = "$(TARGET_NAME)";
				SWIFT_EMIT_LOC_STRINGS = YES;
				SWIFT_VERSION = 5.0;
				TARGETED_DEVICE_FAMILY = "1,2";
			};
			name = Debug;
		};
		F1A357582AA8790200A24AEC /* Release */ = {
			isa = XCBuildConfiguration;
			buildSettings = {
				ASSETCATALOG_COMPILER_APPICON_NAME = AppIcon;
				ASSETCATALOG_COMPILER_GLOBAL_ACCENT_COLOR_NAME = AccentColor;
				CODE_SIGN_STYLE = Automatic;
				CURRENT_PROJECT_VERSION = 1;
				DEVELOPMENT_TEAM = 66V736J4F3;
				GENERATE_INFOPLIST_FILE = YES;
				INFOPLIST_FILE = "AppHotel/Supporting Files/Info.plist";
				INFOPLIST_KEY_UIApplicationSupportsIndirectInputEvents = YES;
				INFOPLIST_KEY_UILaunchStoryboardName = LaunchScreen;
				INFOPLIST_KEY_UISupportedInterfaceOrientations_iPad = "UIInterfaceOrientationPortrait UIInterfaceOrientationPortraitUpsideDown UIInterfaceOrientationLandscapeLeft UIInterfaceOrientationLandscapeRight";
				INFOPLIST_KEY_UISupportedInterfaceOrientations_iPhone = "UIInterfaceOrientationPortrait UIInterfaceOrientationLandscapeLeft UIInterfaceOrientationLandscapeRight";
				LD_RUNPATH_SEARCH_PATHS = (
					"$(inherited)",
					"@executable_path/Frameworks",
				);
				MARKETING_VERSION = 1.0;
				PRODUCT_BUNDLE_IDENTIFIER = com.example.AppHotel;
				PRODUCT_NAME = "$(TARGET_NAME)";
				SWIFT_EMIT_LOC_STRINGS = YES;
				SWIFT_VERSION = 5.0;
				TARGETED_DEVICE_FAMILY = "1,2";
			};
			name = Release;
		};
/* End XCBuildConfiguration section */

/* Begin XCConfigurationList section */
		F1A3573D2AA878FF00A24AEC /* Build configuration list for PBXProject "AppHotel" */ = {
			isa = XCConfigurationList;
			buildConfigurations = (
				F1A357542AA8790200A24AEC /* Debug */,
				F1A357552AA8790200A24AEC /* Release */,
			);
			defaultConfigurationIsVisible = 0;
			defaultConfigurationName = Release;
		};
		F1A357562AA8790200A24AEC /* Build configuration list for PBXNativeTarget "AppHotel" */ = {
			isa = XCConfigurationList;
			buildConfigurations = (
				F1A357572AA8790200A24AEC /* Debug */,
				F1A357582AA8790200A24AEC /* Release */,
			);
			defaultConfigurationIsVisible = 0;
			defaultConfigurationName = Release;
		};
/* End XCConfigurationList section */

/* Begin XCRemoteSwiftPackageReference section */
		F1A3576B2AA89DF200A24AEC /* XCRemoteSwiftPackageReference "SnapKit" */ = {
			isa = XCRemoteSwiftPackageReference;
			repositoryURL = "https://github.com/SnapKit/SnapKit.git";
			requirement = {
				kind = upToNextMajorVersion;
				minimumVersion = 5.0.0;
			};
		};
/* End XCRemoteSwiftPackageReference section */

/* Begin XCSwiftPackageProductDependency section */
		F1A3576C2AA89DF200A24AEC /* SnapKit */ = {
			isa = XCSwiftPackageProductDependency;
			package = F1A3576B2AA89DF200A24AEC /* XCRemoteSwiftPackageReference "SnapKit" */;
			productName = SnapKit;
		};
/* End XCSwiftPackageProductDependency section */
	};
	rootObject = F1A3573A2AA878FF00A24AEC /* Project object */;
}
